// !$*UTF8*$!
{
	archiveVersion = 1;
	classes = {
	};
	objectVersion = 56;
	objects = {

/* Begin PBXBuildFile section */
		B802B2E12A68424000B3B4E6 /* MissionDataSource.swift in Sources */ = {isa = PBXBuildFile; fileRef = B802B2E02A68424000B3B4E6 /* MissionDataSource.swift */; };
		B802B2E42A6842C000B3B4E6 /* FetchMissionsUseCase.swift in Sources */ = {isa = PBXBuildFile; fileRef = B802B2E32A6842C000B3B4E6 /* FetchMissionsUseCase.swift */; };
		B802B2E72A68430800B3B4E6 /* MissionsPresenter.swift in Sources */ = {isa = PBXBuildFile; fileRef = B802B2E62A68430800B3B4E6 /* MissionsPresenter.swift */; };
		B802B2EA2A6925D600B3B4E6 /* ImageLoader.swift in Sources */ = {isa = PBXBuildFile; fileRef = B802B2E92A6925D600B3B4E6 /* ImageLoader.swift */; };
		B8912BAB2A62AD3A00B4FF58 /* AppDelegate.swift in Sources */ = {isa = PBXBuildFile; fileRef = B8912BAA2A62AD3A00B4FF58 /* AppDelegate.swift */; };
		B8912BAD2A62AD3A00B4FF58 /* SceneDelegate.swift in Sources */ = {isa = PBXBuildFile; fileRef = B8912BAC2A62AD3A00B4FF58 /* SceneDelegate.swift */; };
		B8912BAF2A62AD3A00B4FF58 /* ViewController.swift in Sources */ = {isa = PBXBuildFile; fileRef = B8912BAE2A62AD3A00B4FF58 /* ViewController.swift */; };
		B8912BB72A62AD3C00B4FF58 /* Assets.xcassets in Resources */ = {isa = PBXBuildFile; fileRef = B8912BB62A62AD3C00B4FF58 /* Assets.xcassets */; };
		B8912BBA2A62AD3C00B4FF58 /* LaunchScreen.storyboard in Resources */ = {isa = PBXBuildFile; fileRef = B8912BB82A62AD3C00B4FF58 /* LaunchScreen.storyboard */; };
		B8912BC52A62AD3C00B4FF58 /* SpaceX_MissionTests.swift in Sources */ = {isa = PBXBuildFile; fileRef = B8912BC42A62AD3C00B4FF58 /* SpaceX_MissionTests.swift */; };
		B8912BCF2A62AD3C00B4FF58 /* SpaceX_MissionUITests.swift in Sources */ = {isa = PBXBuildFile; fileRef = B8912BCE2A62AD3C00B4FF58 /* SpaceX_MissionUITests.swift */; };
		B8912BD12A62AD3C00B4FF58 /* SpaceX_MissionUITestsLaunchTests.swift in Sources */ = {isa = PBXBuildFile; fileRef = B8912BD02A62AD3C00B4FF58 /* SpaceX_MissionUITestsLaunchTests.swift */; };
		B8912BE32A62B06600B4FF58 /* MissionEntity.swift in Sources */ = {isa = PBXBuildFile; fileRef = B8912BE22A62B06600B4FF58 /* MissionEntity.swift */; };
		B8912BE62A62BA5800B4FF58 /* SpaceXAPIClient.swift in Sources */ = {isa = PBXBuildFile; fileRef = B8912BE52A62BA5800B4FF58 /* SpaceXAPIClient.swift */; };
		B8912BE92A62BA9D00B4FF58 /* RxCocoa in Frameworks */ = {isa = PBXBuildFile; productRef = B8912BE82A62BA9D00B4FF58 /* RxCocoa */; };
		B8912BEB2A62BA9D00B4FF58 /* RxSwift in Frameworks */ = {isa = PBXBuildFile; productRef = B8912BEA2A62BA9D00B4FF58 /* RxSwift */; };
		B8912BF22A62F8D900B4FF58 /* MissionListViewController.swift in Sources */ = {isa = PBXBuildFile; fileRef = B8912BF12A62F8D900B4FF58 /* MissionListViewController.swift */; };
		B8912BF62A62FA1600B4FF58 /* MissionTableViewCell.swift in Sources */ = {isa = PBXBuildFile; fileRef = B8912BF52A62FA1600B4FF58 /* MissionTableViewCell.swift */; };
		B8912BF82A6303FE00B4FF58 /* MissionListViewController+Ext.swift in Sources */ = {isa = PBXBuildFile; fileRef = B8912BF72A6303FE00B4FF58 /* MissionListViewController+Ext.swift */; };
		B8912C002A63B56900B4FF58 /* MissionRepository.swift in Sources */ = {isa = PBXBuildFile; fileRef = B8912BFF2A63B56900B4FF58 /* MissionRepository.swift */; };
/* End PBXBuildFile section */

/* Begin PBXContainerItemProxy section */
		B8912BC12A62AD3C00B4FF58 /* PBXContainerItemProxy */ = {
			isa = PBXContainerItemProxy;
			containerPortal = B8912B9F2A62AD3A00B4FF58 /* Project object */;
			proxyType = 1;
			remoteGlobalIDString = B8912BA62A62AD3A00B4FF58;
			remoteInfo = "SpaceX-Mission";
		};
		B8912BCB2A62AD3C00B4FF58 /* PBXContainerItemProxy */ = {
			isa = PBXContainerItemProxy;
			containerPortal = B8912B9F2A62AD3A00B4FF58 /* Project object */;
			proxyType = 1;
			remoteGlobalIDString = B8912BA62A62AD3A00B4FF58;
			remoteInfo = "SpaceX-Mission";
		};
/* End PBXContainerItemProxy section */

/* Begin PBXFileReference section */
		B802B2E02A68424000B3B4E6 /* MissionDataSource.swift */ = {isa = PBXFileReference; lastKnownFileType = sourcecode.swift; path = MissionDataSource.swift; sourceTree = "<group>"; };
		B802B2E32A6842C000B3B4E6 /* FetchMissionsUseCase.swift */ = {isa = PBXFileReference; lastKnownFileType = sourcecode.swift; path = FetchMissionsUseCase.swift; sourceTree = "<group>"; };
		B802B2E62A68430800B3B4E6 /* MissionsPresenter.swift */ = {isa = PBXFileReference; lastKnownFileType = sourcecode.swift; path = MissionsPresenter.swift; sourceTree = "<group>"; };
		B802B2E92A6925D600B3B4E6 /* ImageLoader.swift */ = {isa = PBXFileReference; lastKnownFileType = sourcecode.swift; path = ImageLoader.swift; sourceTree = "<group>"; };
		B8912BA72A62AD3A00B4FF58 /* SpaceX-Mission.app */ = {isa = PBXFileReference; explicitFileType = wrapper.application; includeInIndex = 0; path = "SpaceX-Mission.app"; sourceTree = BUILT_PRODUCTS_DIR; };
		B8912BAA2A62AD3A00B4FF58 /* AppDelegate.swift */ = {isa = PBXFileReference; lastKnownFileType = sourcecode.swift; path = AppDelegate.swift; sourceTree = "<group>"; };
		B8912BAC2A62AD3A00B4FF58 /* SceneDelegate.swift */ = {isa = PBXFileReference; lastKnownFileType = sourcecode.swift; path = SceneDelegate.swift; sourceTree = "<group>"; };
		B8912BAE2A62AD3A00B4FF58 /* ViewController.swift */ = {isa = PBXFileReference; lastKnownFileType = sourcecode.swift; path = ViewController.swift; sourceTree = "<group>"; };
		B8912BB62A62AD3C00B4FF58 /* Assets.xcassets */ = {isa = PBXFileReference; lastKnownFileType = folder.assetcatalog; path = Assets.xcassets; sourceTree = "<group>"; };
		B8912BB92A62AD3C00B4FF58 /* Base */ = {isa = PBXFileReference; lastKnownFileType = file.storyboard; name = Base; path = Base.lproj/LaunchScreen.storyboard; sourceTree = "<group>"; };
		B8912BBB2A62AD3C00B4FF58 /* Info.plist */ = {isa = PBXFileReference; lastKnownFileType = text.plist.xml; path = Info.plist; sourceTree = "<group>"; };
		B8912BC02A62AD3C00B4FF58 /* SpaceX-MissionTests.xctest */ = {isa = PBXFileReference; explicitFileType = wrapper.cfbundle; includeInIndex = 0; path = "SpaceX-MissionTests.xctest"; sourceTree = BUILT_PRODUCTS_DIR; };
		B8912BC42A62AD3C00B4FF58 /* SpaceX_MissionTests.swift */ = {isa = PBXFileReference; lastKnownFileType = sourcecode.swift; path = SpaceX_MissionTests.swift; sourceTree = "<group>"; };
		B8912BCA2A62AD3C00B4FF58 /* SpaceX-MissionUITests.xctest */ = {isa = PBXFileReference; explicitFileType = wrapper.cfbundle; includeInIndex = 0; path = "SpaceX-MissionUITests.xctest"; sourceTree = BUILT_PRODUCTS_DIR; };
		B8912BCE2A62AD3C00B4FF58 /* SpaceX_MissionUITests.swift */ = {isa = PBXFileReference; lastKnownFileType = sourcecode.swift; path = SpaceX_MissionUITests.swift; sourceTree = "<group>"; };
		B8912BD02A62AD3C00B4FF58 /* SpaceX_MissionUITestsLaunchTests.swift */ = {isa = PBXFileReference; lastKnownFileType = sourcecode.swift; path = SpaceX_MissionUITestsLaunchTests.swift; sourceTree = "<group>"; };
		B8912BE22A62B06600B4FF58 /* MissionEntity.swift */ = {isa = PBXFileReference; lastKnownFileType = sourcecode.swift; path = MissionEntity.swift; sourceTree = "<group>"; };
		B8912BE52A62BA5800B4FF58 /* SpaceXAPIClient.swift */ = {isa = PBXFileReference; lastKnownFileType = sourcecode.swift; path = SpaceXAPIClient.swift; sourceTree = "<group>"; };
		B8912BF12A62F8D900B4FF58 /* MissionListViewController.swift */ = {isa = PBXFileReference; lastKnownFileType = sourcecode.swift; path = MissionListViewController.swift; sourceTree = "<group>"; };
		B8912BF52A62FA1600B4FF58 /* MissionTableViewCell.swift */ = {isa = PBXFileReference; lastKnownFileType = sourcecode.swift; path = MissionTableViewCell.swift; sourceTree = "<group>"; };
		B8912BF72A6303FE00B4FF58 /* MissionListViewController+Ext.swift */ = {isa = PBXFileReference; lastKnownFileType = sourcecode.swift; path = "MissionListViewController+Ext.swift"; sourceTree = "<group>"; };
		B8912BFF2A63B56900B4FF58 /* MissionRepository.swift */ = {isa = PBXFileReference; lastKnownFileType = sourcecode.swift; path = MissionRepository.swift; sourceTree = "<group>"; };
/* End PBXFileReference section */

/* Begin PBXFrameworksBuildPhase section */
		B8912BA42A62AD3A00B4FF58 /* Frameworks */ = {
			isa = PBXFrameworksBuildPhase;
			buildActionMask = 2147483647;
			files = (
				B8912BEB2A62BA9D00B4FF58 /* RxSwift in Frameworks */,
				B8912BE92A62BA9D00B4FF58 /* RxCocoa in Frameworks */,
			);
			runOnlyForDeploymentPostprocessing = 0;
		};
		B8912BBD2A62AD3C00B4FF58 /* Frameworks */ = {
			isa = PBXFrameworksBuildPhase;
			buildActionMask = 2147483647;
			files = (
			);
			runOnlyForDeploymentPostprocessing = 0;
		};
		B8912BC72A62AD3C00B4FF58 /* Frameworks */ = {
			isa = PBXFrameworksBuildPhase;
			buildActionMask = 2147483647;
			files = (
			);
			runOnlyForDeploymentPostprocessing = 0;
		};
/* End PBXFrameworksBuildPhase section */

/* Begin PBXGroup section */
		B802B2DF2A68423200B3B4E6 /* DataSource */ = {
			isa = PBXGroup;
			children = (
				B802B2E02A68424000B3B4E6 /* MissionDataSource.swift */,
			);
			path = DataSource;
			sourceTree = "<group>";
		};
		B802B2E22A6842B300B3B4E6 /* UseCase */ = {
			isa = PBXGroup;
			children = (
				B802B2E32A6842C000B3B4E6 /* FetchMissionsUseCase.swift */,
			);
			path = UseCase;
			sourceTree = "<group>";
		};
		B802B2E52A6842F300B3B4E6 /* Presenter */ = {
			isa = PBXGroup;
			children = (
				B802B2E62A68430800B3B4E6 /* MissionsPresenter.swift */,
			);
			path = Presenter;
			sourceTree = "<group>";
		};
		B802B2E82A6925BC00B3B4E6 /* Utils */ = {
			isa = PBXGroup;
			children = (
				B802B2E92A6925D600B3B4E6 /* ImageLoader.swift */,
			);
			path = Utils;
			sourceTree = "<group>";
		};
		B8912B9E2A62AD3A00B4FF58 = {
			isa = PBXGroup;
			children = (
				B8912BA92A62AD3A00B4FF58 /* SpaceX-Mission */,
				B8912BC32A62AD3C00B4FF58 /* SpaceX-MissionTests */,
				B8912BCD2A62AD3C00B4FF58 /* SpaceX-MissionUITests */,
				B8912BA82A62AD3A00B4FF58 /* Products */,
			);
			sourceTree = "<group>";
		};
		B8912BA82A62AD3A00B4FF58 /* Products */ = {
			isa = PBXGroup;
			children = (
				B8912BA72A62AD3A00B4FF58 /* SpaceX-Mission.app */,
				B8912BC02A62AD3C00B4FF58 /* SpaceX-MissionTests.xctest */,
				B8912BCA2A62AD3C00B4FF58 /* SpaceX-MissionUITests.xctest */,
			);
			name = Products;
			sourceTree = "<group>";
		};
		B8912BA92A62AD3A00B4FF58 /* SpaceX-Mission */ = {
			isa = PBXGroup;
			children = (
				B802B2E82A6925BC00B3B4E6 /* Utils */,
				B802B2E52A6842F300B3B4E6 /* Presenter */,
				B802B2E22A6842B300B3B4E6 /* UseCase */,
				B802B2DF2A68423200B3B4E6 /* DataSource */,
				B8912BFE2A63B55E00B4FF58 /* Repository */,
				B8912BF42A62FA0600B4FF58 /* Component */,
				B8912BF32A62F8DC00B4FF58 /* Controller */,
				B8912BE42A62BA4B00B4FF58 /* Network */,
				B8912BDD2A62AD7600B4FF58 /* Models */,
				B8912BAA2A62AD3A00B4FF58 /* AppDelegate.swift */,
				B8912BAC2A62AD3A00B4FF58 /* SceneDelegate.swift */,
				B8912BAE2A62AD3A00B4FF58 /* ViewController.swift */,
				B8912BB62A62AD3C00B4FF58 /* Assets.xcassets */,
				B8912BB82A62AD3C00B4FF58 /* LaunchScreen.storyboard */,
				B8912BBB2A62AD3C00B4FF58 /* Info.plist */,
			);
			path = "SpaceX-Mission";
			sourceTree = "<group>";
		};
		B8912BC32A62AD3C00B4FF58 /* SpaceX-MissionTests */ = {
			isa = PBXGroup;
			children = (
				B8912BC42A62AD3C00B4FF58 /* SpaceX_MissionTests.swift */,
			);
			path = "SpaceX-MissionTests";
			sourceTree = "<group>";
		};
		B8912BCD2A62AD3C00B4FF58 /* SpaceX-MissionUITests */ = {
			isa = PBXGroup;
			children = (
				B8912BCE2A62AD3C00B4FF58 /* SpaceX_MissionUITests.swift */,
				B8912BD02A62AD3C00B4FF58 /* SpaceX_MissionUITestsLaunchTests.swift */,
			);
			path = "SpaceX-MissionUITests";
			sourceTree = "<group>";
		};
		B8912BDD2A62AD7600B4FF58 /* Models */ = {
			isa = PBXGroup;
			children = (
				B8912BE22A62B06600B4FF58 /* MissionEntity.swift */,
			);
			path = Models;
			sourceTree = "<group>";
		};
		B8912BE42A62BA4B00B4FF58 /* Network */ = {
			isa = PBXGroup;
			children = (
				B8912BE52A62BA5800B4FF58 /* SpaceXAPIClient.swift */,
			);
			path = Network;
			sourceTree = "<group>";
		};
		B8912BF32A62F8DC00B4FF58 /* Controller */ = {
			isa = PBXGroup;
			children = (
				B8912BF12A62F8D900B4FF58 /* MissionListViewController.swift */,
				B8912BF72A6303FE00B4FF58 /* MissionListViewController+Ext.swift */,
			);
			path = Controller;
			sourceTree = "<group>";
		};
		B8912BF42A62FA0600B4FF58 /* Component */ = {
			isa = PBXGroup;
			children = (
				B8912BF52A62FA1600B4FF58 /* MissionTableViewCell.swift */,
			);
			path = Component;
			sourceTree = "<group>";
		};
		B8912BFE2A63B55E00B4FF58 /* Repository */ = {
			isa = PBXGroup;
			children = (
				B8912BFF2A63B56900B4FF58 /* MissionRepository.swift */,
			);
			path = Repository;
			sourceTree = "<group>";
		};
/* End PBXGroup section */

/* Begin PBXNativeTarget section */
		B8912BA62A62AD3A00B4FF58 /* SpaceX-Mission */ = {
			isa = PBXNativeTarget;
			buildConfigurationList = B8912BD42A62AD3C00B4FF58 /* Build configuration list for PBXNativeTarget "SpaceX-Mission" */;
			buildPhases = (
				B8912BA32A62AD3A00B4FF58 /* Sources */,
				B8912BA42A62AD3A00B4FF58 /* Frameworks */,
				B8912BA52A62AD3A00B4FF58 /* Resources */,
			);
			buildRules = (
			);
			dependencies = (
			);
			name = "SpaceX-Mission";
			packageProductDependencies = (
				B8912BE82A62BA9D00B4FF58 /* RxCocoa */,
				B8912BEA2A62BA9D00B4FF58 /* RxSwift */,
			);
			productName = "SpaceX-Mission";
			productReference = B8912BA72A62AD3A00B4FF58 /* SpaceX-Mission.app */;
			productType = "com.apple.product-type.application";
		};
		B8912BBF2A62AD3C00B4FF58 /* SpaceX-MissionTests */ = {
			isa = PBXNativeTarget;
			buildConfigurationList = B8912BD72A62AD3C00B4FF58 /* Build configuration list for PBXNativeTarget "SpaceX-MissionTests" */;
			buildPhases = (
				B8912BBC2A62AD3C00B4FF58 /* Sources */,
				B8912BBD2A62AD3C00B4FF58 /* Frameworks */,
				B8912BBE2A62AD3C00B4FF58 /* Resources */,
			);
			buildRules = (
			);
			dependencies = (
				B8912BC22A62AD3C00B4FF58 /* PBXTargetDependency */,
			);
			name = "SpaceX-MissionTests";
			productName = "SpaceX-MissionTests";
			productReference = B8912BC02A62AD3C00B4FF58 /* SpaceX-MissionTests.xctest */;
			productType = "com.apple.product-type.bundle.unit-test";
		};
		B8912BC92A62AD3C00B4FF58 /* SpaceX-MissionUITests */ = {
			isa = PBXNativeTarget;
			buildConfigurationList = B8912BDA2A62AD3C00B4FF58 /* Build configuration list for PBXNativeTarget "SpaceX-MissionUITests" */;
			buildPhases = (
				B8912BC62A62AD3C00B4FF58 /* Sources */,
				B8912BC72A62AD3C00B4FF58 /* Frameworks */,
				B8912BC82A62AD3C00B4FF58 /* Resources */,
			);
			buildRules = (
			);
			dependencies = (
				B8912BCC2A62AD3C00B4FF58 /* PBXTargetDependency */,
			);
			name = "SpaceX-MissionUITests";
			productName = "SpaceX-MissionUITests";
			productReference = B8912BCA2A62AD3C00B4FF58 /* SpaceX-MissionUITests.xctest */;
			productType = "com.apple.product-type.bundle.ui-testing";
		};
/* End PBXNativeTarget section */

/* Begin PBXProject section */
		B8912B9F2A62AD3A00B4FF58 /* Project object */ = {
			isa = PBXProject;
			attributes = {
				BuildIndependentTargetsInParallel = 1;
				LastSwiftUpdateCheck = 1430;
				LastUpgradeCheck = 1430;
				TargetAttributes = {
					B8912BA62A62AD3A00B4FF58 = {
						CreatedOnToolsVersion = 14.3.1;
					};
					B8912BBF2A62AD3C00B4FF58 = {
						CreatedOnToolsVersion = 14.3.1;
						TestTargetID = B8912BA62A62AD3A00B4FF58;
					};
					B8912BC92A62AD3C00B4FF58 = {
						CreatedOnToolsVersion = 14.3.1;
						TestTargetID = B8912BA62A62AD3A00B4FF58;
					};
				};
			};
			buildConfigurationList = B8912BA22A62AD3A00B4FF58 /* Build configuration list for PBXProject "SpaceX-Mission" */;
			compatibilityVersion = "Xcode 14.0";
			developmentRegion = en;
			hasScannedForEncodings = 0;
			knownRegions = (
				en,
				Base,
			);
			mainGroup = B8912B9E2A62AD3A00B4FF58;
			packageReferences = (
				B8912BE72A62BA9D00B4FF58 /* XCRemoteSwiftPackageReference "RxSwift" */,
			);
			productRefGroup = B8912BA82A62AD3A00B4FF58 /* Products */;
			projectDirPath = "";
			projectRoot = "";
			targets = (
				B8912BA62A62AD3A00B4FF58 /* SpaceX-Mission */,
				B8912BBF2A62AD3C00B4FF58 /* SpaceX-MissionTests */,
				B8912BC92A62AD3C00B4FF58 /* SpaceX-MissionUITests */,
			);
		};
/* End PBXProject section */

/* Begin PBXResourcesBuildPhase section */
		B8912BA52A62AD3A00B4FF58 /* Resources */ = {
			isa = PBXResourcesBuildPhase;
			buildActionMask = 2147483647;
			files = (
				B8912BBA2A62AD3C00B4FF58 /* LaunchScreen.storyboard in Resources */,
				B8912BB72A62AD3C00B4FF58 /* Assets.xcassets in Resources */,
			);
			runOnlyForDeploymentPostprocessing = 0;
		};
		B8912BBE2A62AD3C00B4FF58 /* Resources */ = {
			isa = PBXResourcesBuildPhase;
			buildActionMask = 2147483647;
			files = (
			);
			runOnlyForDeploymentPostprocessing = 0;
		};
		B8912BC82A62AD3C00B4FF58 /* Resources */ = {
			isa = PBXResourcesBuildPhase;
			buildActionMask = 2147483647;
			files = (
			);
			runOnlyForDeploymentPostprocessing = 0;
		};
/* End PBXResourcesBuildPhase section */

/* Begin PBXSourcesBuildPhase section */
		B8912BA32A62AD3A00B4FF58 /* Sources */ = {
			isa = PBXSourcesBuildPhase;
			buildActionMask = 2147483647;
			files = (
				B8912BF22A62F8D900B4FF58 /* MissionListViewController.swift in Sources */,
				B8912BF82A6303FE00B4FF58 /* MissionListViewController+Ext.swift in Sources */,
				B8912BE32A62B06600B4FF58 /* MissionEntity.swift in Sources */,
				B8912BE62A62BA5800B4FF58 /* SpaceXAPIClient.swift in Sources */,
				B8912BAF2A62AD3A00B4FF58 /* ViewController.swift in Sources */,
				B8912C002A63B56900B4FF58 /* MissionRepository.swift in Sources */,
				B802B2E72A68430800B3B4E6 /* MissionsPresenter.swift in Sources */,
				B802B2E12A68424000B3B4E6 /* MissionDataSource.swift in Sources */,
				B8912BAB2A62AD3A00B4FF58 /* AppDelegate.swift in Sources */,
				B802B2E42A6842C000B3B4E6 /* FetchMissionsUseCase.swift in Sources */,
				B8912BF62A62FA1600B4FF58 /* MissionTableViewCell.swift in Sources */,
				B8912BAD2A62AD3A00B4FF58 /* SceneDelegate.swift in Sources */,
				B802B2EA2A6925D600B3B4E6 /* ImageLoader.swift in Sources */,
			);
			runOnlyForDeploymentPostprocessing = 0;
		};
		B8912BBC2A62AD3C00B4FF58 /* Sources */ = {
			isa = PBXSourcesBuildPhase;
			buildActionMask = 2147483647;
			files = (
				B8912BC52A62AD3C00B4FF58 /* SpaceX_MissionTests.swift in Sources */,
			);
			runOnlyForDeploymentPostprocessing = 0;
		};
		B8912BC62A62AD3C00B4FF58 /* Sources */ = {
			isa = PBXSourcesBuildPhase;
			buildActionMask = 2147483647;
			files = (
				B8912BCF2A62AD3C00B4FF58 /* SpaceX_MissionUITests.swift in Sources */,
				B8912BD12A62AD3C00B4FF58 /* SpaceX_MissionUITestsLaunchTests.swift in Sources */,
			);
			runOnlyForDeploymentPostprocessing = 0;
		};
/* End PBXSourcesBuildPhase section */

/* Begin PBXTargetDependency section */
		B8912BC22A62AD3C00B4FF58 /* PBXTargetDependency */ = {
			isa = PBXTargetDependency;
			target = B8912BA62A62AD3A00B4FF58 /* SpaceX-Mission */;
			targetProxy = B8912BC12A62AD3C00B4FF58 /* PBXContainerItemProxy */;
		};
		B8912BCC2A62AD3C00B4FF58 /* PBXTargetDependency */ = {
			isa = PBXTargetDependency;
			target = B8912BA62A62AD3A00B4FF58 /* SpaceX-Mission */;
			targetProxy = B8912BCB2A62AD3C00B4FF58 /* PBXContainerItemProxy */;
		};
/* End PBXTargetDependency section */

/* Begin PBXVariantGroup section */
		B8912BB82A62AD3C00B4FF58 /* LaunchScreen.storyboard */ = {
			isa = PBXVariantGroup;
			children = (
				B8912BB92A62AD3C00B4FF58 /* Base */,
			);
			name = LaunchScreen.storyboard;
			sourceTree = "<group>";
		};
/* End PBXVariantGroup section */

/* Begin XCBuildConfiguration section */
		B8912BD22A62AD3C00B4FF58 /* Debug */ = {
			isa = XCBuildConfiguration;
			buildSettings = {
				ALWAYS_SEARCH_USER_PATHS = NO;
				CLANG_ANALYZER_NONNULL = YES;
				CLANG_ANALYZER_NUMBER_OBJECT_CONVERSION = YES_AGGRESSIVE;
				CLANG_CXX_LANGUAGE_STANDARD = "gnu++20";
				CLANG_ENABLE_MODULES = YES;
				CLANG_ENABLE_OBJC_ARC = YES;
				CLANG_ENABLE_OBJC_WEAK = YES;
				CLANG_WARN_BLOCK_CAPTURE_AUTORELEASING = YES;
				CLANG_WARN_BOOL_CONVERSION = YES;
				CLANG_WARN_COMMA = YES;
				CLANG_WARN_CONSTANT_CONVERSION = YES;
				CLANG_WARN_DEPRECATED_OBJC_IMPLEMENTATIONS = YES;
				CLANG_WARN_DIRECT_OBJC_ISA_USAGE = YES_ERROR;
				CLANG_WARN_DOCUMENTATION_COMMENTS = YES;
				CLANG_WARN_EMPTY_BODY = YES;
				CLANG_WARN_ENUM_CONVERSION = YES;
				CLANG_WARN_INFINITE_RECURSION = YES;
				CLANG_WARN_INT_CONVERSION = YES;
				CLANG_WARN_NON_LITERAL_NULL_CONVERSION = YES;
				CLANG_WARN_OBJC_IMPLICIT_RETAIN_SELF = YES;
				CLANG_WARN_OBJC_LITERAL_CONVERSION = YES;
				CLANG_WARN_OBJC_ROOT_CLASS = YES_ERROR;
				CLANG_WARN_QUOTED_INCLUDE_IN_FRAMEWORK_HEADER = YES;
				CLANG_WARN_RANGE_LOOP_ANALYSIS = YES;
				CLANG_WARN_STRICT_PROTOTYPES = YES;
				CLANG_WARN_SUSPICIOUS_MOVE = YES;
				CLANG_WARN_UNGUARDED_AVAILABILITY = YES_AGGRESSIVE;
				CLANG_WARN_UNREACHABLE_CODE = YES;
				CLANG_WARN__DUPLICATE_METHOD_MATCH = YES;
				COPY_PHASE_STRIP = NO;
				DEBUG_INFORMATION_FORMAT = dwarf;
				ENABLE_STRICT_OBJC_MSGSEND = YES;
				ENABLE_TESTABILITY = YES;
				GCC_C_LANGUAGE_STANDARD = gnu11;
				GCC_DYNAMIC_NO_PIC = NO;
				GCC_NO_COMMON_BLOCKS = YES;
				GCC_OPTIMIZATION_LEVEL = 0;
				GCC_PREPROCESSOR_DEFINITIONS = (
					"DEBUG=1",
					"$(inherited)",
				);
				GCC_WARN_64_TO_32_BIT_CONVERSION = YES;
				GCC_WARN_ABOUT_RETURN_TYPE = YES_ERROR;
				GCC_WARN_UNDECLARED_SELECTOR = YES;
				GCC_WARN_UNINITIALIZED_AUTOS = YES_AGGRESSIVE;
				GCC_WARN_UNUSED_FUNCTION = YES;
				GCC_WARN_UNUSED_VARIABLE = YES;
				IPHONEOS_DEPLOYMENT_TARGET = 16.4;
				MTL_ENABLE_DEBUG_INFO = INCLUDE_SOURCE;
				MTL_FAST_MATH = YES;
				ONLY_ACTIVE_ARCH = YES;
				SDKROOT = iphoneos;
				SWIFT_ACTIVE_COMPILATION_CONDITIONS = DEBUG;
				SWIFT_OPTIMIZATION_LEVEL = "-Onone";
			};
			name = Debug;
		};
		B8912BD32A62AD3C00B4FF58 /* Release */ = {
			isa = XCBuildConfiguration;
			buildSettings = {
				ALWAYS_SEARCH_USER_PATHS = NO;
				CLANG_ANALYZER_NONNULL = YES;
				CLANG_ANALYZER_NUMBER_OBJECT_CONVERSION = YES_AGGRESSIVE;
				CLANG_CXX_LANGUAGE_STANDARD = "gnu++20";
				CLANG_ENABLE_MODULES = YES;
				CLANG_ENABLE_OBJC_ARC = YES;
				CLANG_ENABLE_OBJC_WEAK = YES;
				CLANG_WARN_BLOCK_CAPTURE_AUTORELEASING = YES;
				CLANG_WARN_BOOL_CONVERSION = YES;
				CLANG_WARN_COMMA = YES;
				CLANG_WARN_CONSTANT_CONVERSION = YES;
				CLANG_WARN_DEPRECATED_OBJC_IMPLEMENTATIONS = YES;
				CLANG_WARN_DIRECT_OBJC_ISA_USAGE = YES_ERROR;
				CLANG_WARN_DOCUMENTATION_COMMENTS = YES;
				CLANG_WARN_EMPTY_BODY = YES;
				CLANG_WARN_ENUM_CONVERSION = YES;
				CLANG_WARN_INFINITE_RECURSION = YES;
				CLANG_WARN_INT_CONVERSION = YES;
				CLANG_WARN_NON_LITERAL_NULL_CONVERSION = YES;
				CLANG_WARN_OBJC_IMPLICIT_RETAIN_SELF = YES;
				CLANG_WARN_OBJC_LITERAL_CONVERSION = YES;
				CLANG_WARN_OBJC_ROOT_CLASS = YES_ERROR;
				CLANG_WARN_QUOTED_INCLUDE_IN_FRAMEWORK_HEADER = YES;
				CLANG_WARN_RANGE_LOOP_ANALYSIS = YES;
				CLANG_WARN_STRICT_PROTOTYPES = YES;
				CLANG_WARN_SUSPICIOUS_MOVE = YES;
				CLANG_WARN_UNGUARDED_AVAILABILITY = YES_AGGRESSIVE;
				CLANG_WARN_UNREACHABLE_CODE = YES;
				CLANG_WARN__DUPLICATE_METHOD_MATCH = YES;
				COPY_PHASE_STRIP = NO;
				DEBUG_INFORMATION_FORMAT = "dwarf-with-dsym";
				ENABLE_NS_ASSERTIONS = NO;
				ENABLE_STRICT_OBJC_MSGSEND = YES;
				GCC_C_LANGUAGE_STANDARD = gnu11;
				GCC_NO_COMMON_BLOCKS = YES;
				GCC_WARN_64_TO_32_BIT_CONVERSION = YES;
				GCC_WARN_ABOUT_RETURN_TYPE = YES_ERROR;
				GCC_WARN_UNDECLARED_SELECTOR = YES;
				GCC_WARN_UNINITIALIZED_AUTOS = YES_AGGRESSIVE;
				GCC_WARN_UNUSED_FUNCTION = YES;
				GCC_WARN_UNUSED_VARIABLE = YES;
				IPHONEOS_DEPLOYMENT_TARGET = 16.4;
				MTL_ENABLE_DEBUG_INFO = NO;
				MTL_FAST_MATH = YES;
				SDKROOT = iphoneos;
				SWIFT_COMPILATION_MODE = wholemodule;
				SWIFT_OPTIMIZATION_LEVEL = "-O";
				VALIDATE_PRODUCT = YES;
			};
			name = Release;
		};
		B8912BD52A62AD3C00B4FF58 /* Debug */ = {
			isa = XCBuildConfiguration;
			buildSettings = {
				ASSETCATALOG_COMPILER_APPICON_NAME = AppIcon;
				ASSETCATALOG_COMPILER_GLOBAL_ACCENT_COLOR_NAME = AccentColor;
				CODE_SIGN_STYLE = Automatic;
				CURRENT_PROJECT_VERSION = 1;
				DEVELOPMENT_TEAM = 335ANAU3W5;
				GENERATE_INFOPLIST_FILE = YES;
				INFOPLIST_FILE = "SpaceX-Mission/Info.plist";
				INFOPLIST_KEY_UIApplicationSupportsIndirectInputEvents = YES;
				INFOPLIST_KEY_UILaunchStoryboardName = LaunchScreen;
				INFOPLIST_KEY_UIMainStoryboardFile = "";
				INFOPLIST_KEY_UISupportedInterfaceOrientations_iPad = "UIInterfaceOrientationPortrait UIInterfaceOrientationPortraitUpsideDown UIInterfaceOrientationLandscapeLeft UIInterfaceOrientationLandscapeRight";
				INFOPLIST_KEY_UISupportedInterfaceOrientations_iPhone = "UIInterfaceOrientationPortrait UIInterfaceOrientationLandscapeLeft UIInterfaceOrientationLandscapeRight";
				LD_RUNPATH_SEARCH_PATHS = (
					"$(inherited)",
					"@executable_path/Frameworks",
				);
				MARKETING_VERSION = 1.0;
				PRODUCT_BUNDLE_IDENTIFIER = "com.shirashiyani.SpaceX-Mission";
				PRODUCT_NAME = "$(TARGET_NAME)";
				SWIFT_EMIT_LOC_STRINGS = YES;
				SWIFT_VERSION = 5.0;
				TARGETED_DEVICE_FAMILY = "1,2";
			};
			name = Debug;
		};
		B8912BD62A62AD3C00B4FF58 /* Release */ = {
			isa = XCBuildConfiguration;
			buildSettings = {
				ASSETCATALOG_COMPILER_APPICON_NAME = AppIcon;
				ASSETCATALOG_COMPILER_GLOBAL_ACCENT_COLOR_NAME = AccentColor;
				CODE_SIGN_STYLE = Automatic;
				CURRENT_PROJECT_VERSION = 1;
				DEVELOPMENT_TEAM = 335ANAU3W5;
				GENERATE_INFOPLIST_FILE = YES;
				INFOPLIST_FILE = "SpaceX-Mission/Info.plist";
				INFOPLIST_KEY_UIApplicationSupportsIndirectInputEvents = YES;
				INFOPLIST_KEY_UILaunchStoryboardName = LaunchScreen;
				INFOPLIST_KEY_UIMainStoryboardFile = "";
				INFOPLIST_KEY_UISupportedInterfaceOrientations_iPad = "UIInterfaceOrientationPortrait UIInterfaceOrientationPortraitUpsideDown UIInterfaceOrientationLandscapeLeft UIInterfaceOrientationLandscapeRight";
				INFOPLIST_KEY_UISupportedInterfaceOrientations_iPhone = "UIInterfaceOrientationPortrait UIInterfaceOrientationLandscapeLeft UIInterfaceOrientationLandscapeRight";
				LD_RUNPATH_SEARCH_PATHS = (
					"$(inherited)",
					"@executable_path/Frameworks",
				);
				MARKETING_VERSION = 1.0;
				PRODUCT_BUNDLE_IDENTIFIER = "com.shirashiyani.SpaceX-Mission";
				PRODUCT_NAME = "$(TARGET_NAME)";
				SWIFT_EMIT_LOC_STRINGS = YES;
				SWIFT_VERSION = 5.0;
				TARGETED_DEVICE_FAMILY = "1,2";
			};
			name = Release;
		};
		B8912BD82A62AD3C00B4FF58 /* Debug */ = {
			isa = XCBuildConfiguration;
			buildSettings = {
				ALWAYS_EMBED_SWIFT_STANDARD_LIBRARIES = YES;
				BUNDLE_LOADER = "$(TEST_HOST)";
				CODE_SIGN_STYLE = Automatic;
				CURRENT_PROJECT_VERSION = 1;
				DEVELOPMENT_TEAM = 335ANAU3W5;
				GENERATE_INFOPLIST_FILE = YES;
				IPHONEOS_DEPLOYMENT_TARGET = 16.4;
				MARKETING_VERSION = 1.0;
				PRODUCT_BUNDLE_IDENTIFIER = "com.shirashiyani.SpaceX-MissionTests";
				PRODUCT_NAME = "$(TARGET_NAME)";
				SWIFT_EMIT_LOC_STRINGS = NO;
				SWIFT_VERSION = 5.0;
				TARGETED_DEVICE_FAMILY = "1,2";
				TEST_HOST = "$(BUILT_PRODUCTS_DIR)/SpaceX-Mission.app/$(BUNDLE_EXECUTABLE_FOLDER_PATH)/SpaceX-Mission";
			};
			name = Debug;
		};
		B8912BD92A62AD3C00B4FF58 /* Release */ = {
			isa = XCBuildConfiguration;
			buildSettings = {
				ALWAYS_EMBED_SWIFT_STANDARD_LIBRARIES = YES;
				BUNDLE_LOADER = "$(TEST_HOST)";
				CODE_SIGN_STYLE = Automatic;
				CURRENT_PROJECT_VERSION = 1;
				DEVELOPMENT_TEAM = 335ANAU3W5;
				GENERATE_INFOPLIST_FILE = YES;
				IPHONEOS_DEPLOYMENT_TARGET = 16.4;
				MARKETING_VERSION = 1.0;
				PRODUCT_BUNDLE_IDENTIFIER = "com.shirashiyani.SpaceX-MissionTests";
				PRODUCT_NAME = "$(TARGET_NAME)";
				SWIFT_EMIT_LOC_STRINGS = NO;
				SWIFT_VERSION = 5.0;
				TARGETED_DEVICE_FAMILY = "1,2";
				TEST_HOST = "$(BUILT_PRODUCTS_DIR)/SpaceX-Mission.app/$(BUNDLE_EXECUTABLE_FOLDER_PATH)/SpaceX-Mission";
			};
			name = Release;
		};
		B8912BDB2A62AD3C00B4FF58 /* Debug */ = {
			isa = XCBuildConfiguration;
			buildSettings = {
				ALWAYS_EMBED_SWIFT_STANDARD_LIBRARIES = YES;
				CODE_SIGN_STYLE = Automatic;
				CURRENT_PROJECT_VERSION = 1;
				DEVELOPMENT_TEAM = 335ANAU3W5;
				GENERATE_INFOPLIST_FILE = YES;
				MARKETING_VERSION = 1.0;
				PRODUCT_BUNDLE_IDENTIFIER = "com.shirashiyani.SpaceX-MissionUITests";
				PRODUCT_NAME = "$(TARGET_NAME)";
				SWIFT_EMIT_LOC_STRINGS = NO;
				SWIFT_VERSION = 5.0;
				TARGETED_DEVICE_FAMILY = "1,2";
				TEST_TARGET_NAME = "SpaceX-Mission";
			};
			name = Debug;
		};
		B8912BDC2A62AD3C00B4FF58 /* Release */ = {
			isa = XCBuildConfiguration;
			buildSettings = {
				ALWAYS_EMBED_SWIFT_STANDARD_LIBRARIES = YES;
				CODE_SIGN_STYLE = Automatic;
				CURRENT_PROJECT_VERSION = 1;
				DEVELOPMENT_TEAM = 335ANAU3W5;
				GENERATE_INFOPLIST_FILE = YES;
				MARKETING_VERSION = 1.0;
				PRODUCT_BUNDLE_IDENTIFIER = "com.shirashiyani.SpaceX-MissionUITests";
				PRODUCT_NAME = "$(TARGET_NAME)";
				SWIFT_EMIT_LOC_STRINGS = NO;
				SWIFT_VERSION = 5.0;
				TARGETED_DEVICE_FAMILY = "1,2";
				TEST_TARGET_NAME = "SpaceX-Mission";
			};
			name = Release;
		};
/* End XCBuildConfiguration section */

/* Begin XCConfigurationList section */
		B8912BA22A62AD3A00B4FF58 /* Build configuration list for PBXProject "SpaceX-Mission" */ = {
			isa = XCConfigurationList;
			buildConfigurations = (
				B8912BD22A62AD3C00B4FF58 /* Debug */,
				B8912BD32A62AD3C00B4FF58 /* Release */,
			);
			defaultConfigurationIsVisible = 0;
			defaultConfigurationName = Release;
		};
		B8912BD42A62AD3C00B4FF58 /* Build configuration list for PBXNativeTarget "SpaceX-Mission" */ = {
			isa = XCConfigurationList;
			buildConfigurations = (
				B8912BD52A62AD3C00B4FF58 /* Debug */,
				B8912BD62A62AD3C00B4FF58 /* Release */,
			);
			defaultConfigurationIsVisible = 0;
			defaultConfigurationName = Release;
		};
		B8912BD72A62AD3C00B4FF58 /* Build configuration list for PBXNativeTarget "SpaceX-MissionTests" */ = {
			isa = XCConfigurationList;
			buildConfigurations = (
				B8912BD82A62AD3C00B4FF58 /* Debug */,
				B8912BD92A62AD3C00B4FF58 /* Release */,
			);
			defaultConfigurationIsVisible = 0;
			defaultConfigurationName = Release;
		};
		B8912BDA2A62AD3C00B4FF58 /* Build configuration list for PBXNativeTarget "SpaceX-MissionUITests" */ = {
			isa = XCConfigurationList;
			buildConfigurations = (
				B8912BDB2A62AD3C00B4FF58 /* Debug */,
				B8912BDC2A62AD3C00B4FF58 /* Release */,
			);
			defaultConfigurationIsVisible = 0;
			defaultConfigurationName = Release;
		};
/* End XCConfigurationList section */

/* Begin XCRemoteSwiftPackageReference section */
		B8912BE72A62BA9D00B4FF58 /* XCRemoteSwiftPackageReference "RxSwift" */ = {
			isa = XCRemoteSwiftPackageReference;
			repositoryURL = "https://github.com/ReactiveX/RxSwift";
			requirement = {
				kind = upToNextMajorVersion;
				minimumVersion = 6.0.0;
			};
		};
/* End XCRemoteSwiftPackageReference section */

/* Begin XCSwiftPackageProductDependency section */
		B8912BE82A62BA9D00B4FF58 /* RxCocoa */ = {
			isa = XCSwiftPackageProductDependency;
			package = B8912BE72A62BA9D00B4FF58 /* XCRemoteSwiftPackageReference "RxSwift" */;
			productName = RxCocoa;
		};
		B8912BEA2A62BA9D00B4FF58 /* RxSwift */ = {
			isa = XCSwiftPackageProductDependency;
			package = B8912BE72A62BA9D00B4FF58 /* XCRemoteSwiftPackageReference "RxSwift" */;
			productName = RxSwift;
		};
/* End XCSwiftPackageProductDependency section */
	};
	rootObject = B8912B9F2A62AD3A00B4FF58 /* Project object */;
}
